
Microsoft Visual Studio Solution File, Format Version 12.00
# Visual Studio Version 17
VisualStudioVersion = 17.5.002.0
MinimumVisualStudioVersion = 10.0.40219.1
Project("{2150E333-8FDC-42A3-9474-1A3956D46DE8}") = "Labfiles", "Labfiles", "{5B272ED6-5862-4898-99E0-B672CCFB612F}"
EndProject
Project("{2150E333-8FDC-42A3-9474-1A3956D46DE8}") = "01-analyze-images", "01-analyze-images", "{0D3BAB32-052B-4783-AE3E-9AD7882F8842}"
EndProject
Project("{2150E333-8FDC-42A3-9474-1A3956D46DE8}") = "C-Sharp", "C-Sharp", "{3A5BBE9E-D705-4995-9CAF-009CE6781CCF}"
EndProject
Project("{9A19103F-16F7-4668-BE54-9A1E7A4F7556}") = "image-analysis", "Labfiles\01-analyze-images\C-Sharp\image-analysis\image-analysis.csproj", "{83384744-8C11-443E-AE51-0699C8702D63}"
EndProject
Project("{2150E333-8FDC-42A3-9474-1A3956D46DE8}") = "03-object-detection", "03-object-detection", "{147930F4-0459-462A-A38C-7BD28172F308}"
EndProject
Project("{2150E333-8FDC-42A3-9474-1A3956D46DE8}") = "C-Sharp", "C-Sharp", "{0D8C647B-B810-46C0-8084-5B51D0A75B0B}"
EndProject
Project("{9A19103F-16F7-4668-BE54-9A1E7A4F7556}") = "test-detector", "Labfiles\03-object-detection\C-Sharp\test-detector\test-detector.csproj", "{BDA624FD-9297-4C7F-B094-D6B25B4E6902}"
EndProject
Project("{9A19103F-16F7-4668-BE54-9A1E7A4F7556}") = "train-detector", "Labfiles\03-object-detection\C-Sharp\train-detector\train-detector.csproj", "{96A7C936-BB14-4B7C-87E6-A222390FC0B9}"
EndProject
Project("{2150E333-8FDC-42A3-9474-1A3956D46DE8}") = "04-face", "04-face", "{0AE5599D-08D9-40E9-98BF-76CD1B27BCF9}"
EndProject
Project("{2150E333-8FDC-42A3-9474-1A3956D46DE8}") = "C-Sharp", "C-Sharp", "{20ADEA87-2B57-422B-8EC6-13F22164CFE3}"
EndProject
Project("{9A19103F-16F7-4668-BE54-9A1E7A4F7556}") = "detect-people", "Labfiles\04-face\C-Sharp\computer-vision\detect-people.csproj", "{BFAB01D7-6628-4EE1-B1C9-CAF464CA2A97}"
EndProject
Project("{9A19103F-16F7-4668-BE54-9A1E7A4F7556}") = "analyze-faces", "Labfiles\04-face\C-Sharp\face-api\analyze-faces.csproj", "{B1B5A1D2-32B5-4B74-A4BC-224FCFB6AF7A}"
EndProject
Project("{2150E333-8FDC-42A3-9474-1A3956D46DE8}") = "05-ocr", "05-ocr", "{2C893AD4-1D89-46D7-B901-648E5C1BE74D}"
EndProject
Project("{2150E333-8FDC-42A3-9474-1A3956D46DE8}") = "C-Sharp", "C-Sharp", "{2D8CA890-F9DF-47DA-AA43-B5889449EAB7}"
EndProject
Project("{9A19103F-16F7-4668-BE54-9A1E7A4F7556}") = "read-text", "Labfiles\05-ocr\C-Sharp\read-text\read-text.csproj", "{EFDA4501-E8F5-4582-983B-23A8FF0AB350}"
EndProject
Project("{2150E333-8FDC-42A3-9474-1A3956D46DE8}") = "07-custom-vision-image-classification", "07-custom-vision-image-classification", "{59C6F11C-C57B-4E2D-8DD1-755C65DB9628}"
EndProject
Project("{2150E333-8FDC-42A3-9474-1A3956D46DE8}") = "C-Sharp", "C-Sharp", "{CBA71DC4-7D22-46B0-830C-B911BD94AF9F}"
EndProject
Project("{9A19103F-16F7-4668-BE54-9A1E7A4F7556}") = "test-classifier", "Labfiles\07-custom-vision-image-classification\C-Sharp\test-classifier\test-classifier.csproj", "{674B2C54-E2E9-446D-A5A7-5DD8BF219AEE}"
EndProject
Project("{9A19103F-16F7-4668-BE54-9A1E7A4F7556}") = "train-classifier", "Labfiles\07-custom-vision-image-classification\C-Sharp\train-classifier\train-classifier.csproj", "{D8EBE32A-417C-4C13-AFF4-4FF4A3D6C84D}"
EndProject
Global
	GlobalSection(SolutionConfigurationPlatforms) = preSolution
		Debug|Any CPU = Debug|Any CPU
		Release|Any CPU = Release|Any CPU
	EndGlobalSection
	GlobalSection(ProjectConfigurationPlatforms) = postSolution
		{83384744-8C11-443E-AE51-0699C8702D63}.Debug|Any CPU.ActiveCfg = Debug|Any CPU
		{83384744-8C11-443E-AE51-0699C8702D63}.Debug|Any CPU.Build.0 = Debug|Any CPU
		{83384744-8C11-443E-AE51-0699C8702D63}.Release|Any CPU.ActiveCfg = Release|Any CPU
		{83384744-8C11-443E-AE51-0699C8702D63}.Release|Any CPU.Build.0 = Release|Any CPU
		{BDA624FD-9297-4C7F-B094-D6B25B4E6902}.Debug|Any CPU.ActiveCfg = Debug|Any CPU
		{BDA624FD-9297-4C7F-B094-D6B25B4E6902}.Debug|Any CPU.Build.0 = Debug|Any CPU
		{BDA624FD-9297-4C7F-B094-D6B25B4E6902}.Release|Any CPU.ActiveCfg = Release|Any CPU
		{BDA624FD-9297-4C7F-B094-D6B25B4E6902}.Release|Any CPU.Build.0 = Release|Any CPU
		{96A7C936-BB14-4B7C-87E6-A222390FC0B9}.Debug|Any CPU.ActiveCfg = Debug|Any CPU
		{96A7C936-BB14-4B7C-87E6-A222390FC0B9}.Debug|Any CPU.Build.0 = Debug|Any CPU
		{96A7C936-BB14-4B7C-87E6-A222390FC0B9}.Release|Any CPU.ActiveCfg = Release|Any CPU
		{96A7C936-BB14-4B7C-87E6-A222390FC0B9}.Release|Any CPU.Build.0 = Release|Any CPU
		{BFAB01D7-6628-4EE1-B1C9-CAF464CA2A97}.Debug|Any CPU.ActiveCfg = Debug|Any CPU
		{BFAB01D7-6628-4EE1-B1C9-CAF464CA2A97}.Debug|Any CPU.Build.0 = Debug|Any CPU
		{BFAB01D7-6628-4EE1-B1C9-CAF464CA2A97}.Release|Any CPU.ActiveCfg = Release|Any CPU
		{BFAB01D7-6628-4EE1-B1C9-CAF464CA2A97}.Release|Any CPU.Build.0 = Release|Any CPU
		{B1B5A1D2-32B5-4B74-A4BC-224FCFB6AF7A}.Debug|Any CPU.ActiveCfg = Debug|Any CPU
		{B1B5A1D2-32B5-4B74-A4BC-224FCFB6AF7A}.Debug|Any CPU.Build.0 = Debug|Any CPU
		{B1B5A1D2-32B5-4B74-A4BC-224FCFB6AF7A}.Release|Any CPU.ActiveCfg = Release|Any CPU
		{B1B5A1D2-32B5-4B74-A4BC-224FCFB6AF7A}.Release|Any CPU.Build.0 = Release|Any CPU
		{EFDA4501-E8F5-4582-983B-23A8FF0AB350}.Debug|Any CPU.ActiveCfg = Debug|Any CPU
		{EFDA4501-E8F5-4582-983B-23A8FF0AB350}.Debug|Any CPU.Build.0 = Debug|Any CPU
		{EFDA4501-E8F5-4582-983B-23A8FF0AB350}.Release|Any CPU.ActiveCfg = Release|Any CPU
		{EFDA4501-E8F5-4582-983B-23A8FF0AB350}.Release|Any CPU.Build.0 = Release|Any CPU
		{674B2C54-E2E9-446D-A5A7-5DD8BF219AEE}.Debug|Any CPU.ActiveCfg = Debug|Any CPU
		{674B2C54-E2E9-446D-A5A7-5DD8BF219AEE}.Debug|Any CPU.Build.0 = Debug|Any CPU
		{674B2C54-E2E9-446D-A5A7-5DD8BF219AEE}.Release|Any CPU.ActiveCfg = Release|Any CPU
		{674B2C54-E2E9-446D-A5A7-5DD8BF219AEE}.Release|Any CPU.Build.0 = Release|Any CPU
		{D8EBE32A-417C-4C13-AFF4-4FF4A3D6C84D}.Debug|Any CPU.ActiveCfg = Debug|Any CPU
		{D8EBE32A-417C-4C13-AFF4-4FF4A3D6C84D}.Debug|Any CPU.Build.0 = Debug|Any CPU
		{D8EBE32A-417C-4C13-AFF4-4FF4A3D6C84D}.Release|Any CPU.ActiveCfg = Release|Any CPU
		{D8EBE32A-417C-4C13-AFF4-4FF4A3D6C84D}.Release|Any CPU.Build.0 = Release|Any CPU
	EndGlobalSection
	GlobalSection(SolutionProperties) = preSolution
		HideSolutionNode = FALSE
	EndGlobalSection
	GlobalSection(NestedProjects) = preSolution
		{0D3BAB32-052B-4783-AE3E-9AD7882F8842} = {5B272ED6-5862-4898-99E0-B672CCFB612F}
		{3A5BBE9E-D705-4995-9CAF-009CE6781CCF} = {0D3BAB32-052B-4783-AE3E-9AD7882F8842}
		{83384744-8C11-443E-AE51-0699C8702D63} = {3A5BBE9E-D705-4995-9CAF-009CE6781CCF}
		{147930F4-0459-462A-A38C-7BD28172F308} = {5B272ED6-5862-4898-99E0-B672CCFB612F}
		{0D8C647B-B810-46C0-8084-5B51D0A75B0B} = {147930F4-0459-462A-A38C-7BD28172F308}
		{BDA624FD-9297-4C7F-B094-D6B25B4E6902} = {0D8C647B-B810-46C0-8084-5B51D0A75B0B}
		{96A7C936-BB14-4B7C-87E6-A222390FC0B9} = {0D8C647B-B810-46C0-8084-5B51D0A75B0B}
		{0AE5599D-08D9-40E9-98BF-76CD1B27BCF9} = {5B272ED6-5862-4898-99E0-B672CCFB612F}
		{20ADEA87-2B57-422B-8EC6-13F22164CFE3} = {0AE5599D-08D9-40E9-98BF-76CD1B27BCF9}
		{BFAB01D7-6628-4EE1-B1C9-CAF464CA2A97} = {20ADEA87-2B57-422B-8EC6-13F22164CFE3}
		{B1B5A1D2-32B5-4B74-A4BC-224FCFB6AF7A} = {20ADEA87-2B57-422B-8EC6-13F22164CFE3}
		{2C893AD4-1D89-46D7-B901-648E5C1BE74D} = {5B272ED6-5862-4898-99E0-B672CCFB612F}
		{2D8CA890-F9DF-47DA-AA43-B5889449EAB7} = {2C893AD4-1D89-46D7-B901-648E5C1BE74D}
		{EFDA4501-E8F5-4582-983B-23A8FF0AB350} = {2D8CA890-F9DF-47DA-AA43-B5889449EAB7}
		{59C6F11C-C57B-4E2D-8DD1-755C65DB9628} = {5B272ED6-5862-4898-99E0-B672CCFB612F}
		{CBA71DC4-7D22-46B0-830C-B911BD94AF9F} = {59C6F11C-C57B-4E2D-8DD1-755C65DB9628}
		{674B2C54-E2E9-446D-A5A7-5DD8BF219AEE} = {CBA71DC4-7D22-46B0-830C-B911BD94AF9F}
		{D8EBE32A-417C-4C13-AFF4-4FF4A3D6C84D} = {CBA71DC4-7D22-46B0-830C-B911BD94AF9F}
	EndGlobalSection
	GlobalSection(ExtensibilityGlobals) = postSolution
		SolutionGuid = {B57D6255-F0F8-49F6-A0C3-66F9CE9E4F6B}
	EndGlobalSection
EndGlobal
