
Microsoft Visual Studio Solution File, Format Version 12.00
# Visual Studio Version 17
VisualStudioVersion = 17.5.002.0
MinimumVisualStudioVersion = 10.0.40219.1
Project("{2150E333-8FDC-42A3-9474-1A3956D46DE8}") = "Labfiles", "Labfiles", "{C19397F2-7516-4245-AC07-EE6FBFB9DE4F}"
EndProject
Project("{2150E333-8FDC-42A3-9474-1A3956D46DE8}") = "01-analyze-images", "01-analyze-images", "{C6F0F74B-5877-4F4A-8F72-BCF559F9850E}"
EndProject
Project("{2150E333-8FDC-42A3-9474-1A3956D46DE8}") = "C-Sharp", "C-Sharp", "{2806FF9C-240C-4193-889D-849BC8AC5CC3}"
EndProject
Project("{9A19103F-16F7-4668-BE54-9A1E7A4F7556}") = "image-analysis", "Labfiles\01-analyze-images\C-Sharp\image-analysis\image-analysis.csproj", "{0B6EF7BB-3796-48F6-8988-360245AAC57C}"
EndProject
Project("{2150E333-8FDC-42A3-9474-1A3956D46DE8}") = "03-object-detection", "03-object-detection", "{1AA63667-3BAB-4E5E-8B80-BA9388AB313A}"
EndProject
Project("{2150E333-8FDC-42A3-9474-1A3956D46DE8}") = "C-Sharp", "C-Sharp", "{867CFC30-BFF2-4425-B9C5-ED57FE61D2E4}"
EndProject
Project("{9A19103F-16F7-4668-BE54-9A1E7A4F7556}") = "test-detector", "Labfiles\03-object-detection\C-Sharp\test-detector\test-detector.csproj", "{94947088-3836-4B98-9C03-ABB8F547FCA9}"
EndProject
Project("{9A19103F-16F7-4668-BE54-9A1E7A4F7556}") = "train-detector", "Labfiles\03-object-detection\C-Sharp\train-detector\train-detector.csproj", "{08329249-3E4B-4A2C-A579-362258079213}"
EndProject
Project("{2150E333-8FDC-42A3-9474-1A3956D46DE8}") = "04-face", "04-face", "{145933FE-08E4-4822-8201-53971BAB708D}"
EndProject
Project("{2150E333-8FDC-42A3-9474-1A3956D46DE8}") = "C-Sharp", "C-Sharp", "{6CC6186D-A52D-4514-ADCB-5A6DF4E715DC}"
EndProject
Project("{9A19103F-16F7-4668-BE54-9A1E7A4F7556}") = "detect-people", "Labfiles\04-face\C-Sharp\computer-vision\detect-people.csproj", "{AC41DA6C-17DF-4D62-91E3-39EA1CB4DFFC}"
EndProject
Project("{9A19103F-16F7-4668-BE54-9A1E7A4F7556}") = "analyze-faces", "Labfiles\04-face\C-Sharp\face-api\analyze-faces.csproj", "{A727D64B-48FB-4214-BF97-DFA6C835B2A4}"
EndProject
Project("{2150E333-8FDC-42A3-9474-1A3956D46DE8}") = "05-ocr", "05-ocr", "{600048DD-9474-4E97-A72D-56402E3A642D}"
EndProject
Project("{2150E333-8FDC-42A3-9474-1A3956D46DE8}") = "C-Sharp", "C-Sharp", "{6397194E-90B9-4D0D-B6D0-AAC8B640165C}"
EndProject
Project("{9A19103F-16F7-4668-BE54-9A1E7A4F7556}") = "read-text", "Labfiles\05-ocr\C-Sharp\read-text\read-text.csproj", "{A33B4E82-337C-4A65-BBE0-68F4F1CB56E2}"
EndProject
Project("{2150E333-8FDC-42A3-9474-1A3956D46DE8}") = "07-custom-vision-image-classification", "07-custom-vision-image-classification", "{27F6A0CD-94E7-4672-B363-7D743417B758}"
EndProject
Project("{2150E333-8FDC-42A3-9474-1A3956D46DE8}") = "C-Sharp", "C-Sharp", "{7FF27779-3FD5-4AC3-99F7-4DF198298E2E}"
EndProject
Project("{9A19103F-16F7-4668-BE54-9A1E7A4F7556}") = "test-classifier", "Labfiles\07-custom-vision-image-classification\C-Sharp\test-classifier\test-classifier.csproj", "{D76A5625-B606-43D7-B33B-AF03136475BB}"
EndProject
Project("{9A19103F-16F7-4668-BE54-9A1E7A4F7556}") = "train-classifier", "Labfiles\07-custom-vision-image-classification\C-Sharp\train-classifier\train-classifier.csproj", "{473F5917-3B51-4E9F-864A-700038213B16}"
EndProject
Global
	GlobalSection(SolutionConfigurationPlatforms) = preSolution
		Debug|Any CPU = Debug|Any CPU
		Release|Any CPU = Release|Any CPU
	EndGlobalSection
	GlobalSection(ProjectConfigurationPlatforms) = postSolution
		{0B6EF7BB-3796-48F6-8988-360245AAC57C}.Debug|Any CPU.ActiveCfg = Debug|Any CPU
		{0B6EF7BB-3796-48F6-8988-360245AAC57C}.Debug|Any CPU.Build.0 = Debug|Any CPU
		{0B6EF7BB-3796-48F6-8988-360245AAC57C}.Release|Any CPU.ActiveCfg = Release|Any CPU
		{0B6EF7BB-3796-48F6-8988-360245AAC57C}.Release|Any CPU.Build.0 = Release|Any CPU
		{94947088-3836-4B98-9C03-ABB8F547FCA9}.Debug|Any CPU.ActiveCfg = Debug|Any CPU
		{94947088-3836-4B98-9C03-ABB8F547FCA9}.Debug|Any CPU.Build.0 = Debug|Any CPU
		{94947088-3836-4B98-9C03-ABB8F547FCA9}.Release|Any CPU.ActiveCfg = Release|Any CPU
		{94947088-3836-4B98-9C03-ABB8F547FCA9}.Release|Any CPU.Build.0 = Release|Any CPU
		{08329249-3E4B-4A2C-A579-362258079213}.Debug|Any CPU.ActiveCfg = Debug|Any CPU
		{08329249-3E4B-4A2C-A579-362258079213}.Debug|Any CPU.Build.0 = Debug|Any CPU
		{08329249-3E4B-4A2C-A579-362258079213}.Release|Any CPU.ActiveCfg = Release|Any CPU
		{08329249-3E4B-4A2C-A579-362258079213}.Release|Any CPU.Build.0 = Release|Any CPU
		{AC41DA6C-17DF-4D62-91E3-39EA1CB4DFFC}.Debug|Any CPU.ActiveCfg = Debug|Any CPU
		{AC41DA6C-17DF-4D62-91E3-39EA1CB4DFFC}.Debug|Any CPU.Build.0 = Debug|Any CPU
		{AC41DA6C-17DF-4D62-91E3-39EA1CB4DFFC}.Release|Any CPU.ActiveCfg = Release|Any CPU
		{AC41DA6C-17DF-4D62-91E3-39EA1CB4DFFC}.Release|Any CPU.Build.0 = Release|Any CPU
		{A727D64B-48FB-4214-BF97-DFA6C835B2A4}.Debug|Any CPU.ActiveCfg = Debug|Any CPU
		{A727D64B-48FB-4214-BF97-DFA6C835B2A4}.Debug|Any CPU.Build.0 = Debug|Any CPU
		{A727D64B-48FB-4214-BF97-DFA6C835B2A4}.Release|Any CPU.ActiveCfg = Release|Any CPU
		{A727D64B-48FB-4214-BF97-DFA6C835B2A4}.Release|Any CPU.Build.0 = Release|Any CPU
		{A33B4E82-337C-4A65-BBE0-68F4F1CB56E2}.Debug|Any CPU.ActiveCfg = Debug|Any CPU
		{A33B4E82-337C-4A65-BBE0-68F4F1CB56E2}.Debug|Any CPU.Build.0 = Debug|Any CPU
		{A33B4E82-337C-4A65-BBE0-68F4F1CB56E2}.Release|Any CPU.ActiveCfg = Release|Any CPU
		{A33B4E82-337C-4A65-BBE0-68F4F1CB56E2}.Release|Any CPU.Build.0 = Release|Any CPU
		{D76A5625-B606-43D7-B33B-AF03136475BB}.Debug|Any CPU.ActiveCfg = Debug|Any CPU
		{D76A5625-B606-43D7-B33B-AF03136475BB}.Debug|Any CPU.Build.0 = Debug|Any CPU
		{D76A5625-B606-43D7-B33B-AF03136475BB}.Release|Any CPU.ActiveCfg = Release|Any CPU
		{D76A5625-B606-43D7-B33B-AF03136475BB}.Release|Any CPU.Build.0 = Release|Any CPU
		{473F5917-3B51-4E9F-864A-700038213B16}.Debug|Any CPU.ActiveCfg = Debug|Any CPU
		{473F5917-3B51-4E9F-864A-700038213B16}.Debug|Any CPU.Build.0 = Debug|Any CPU
		{473F5917-3B51-4E9F-864A-700038213B16}.Release|Any CPU.ActiveCfg = Release|Any CPU
		{473F5917-3B51-4E9F-864A-700038213B16}.Release|Any CPU.Build.0 = Release|Any CPU
	EndGlobalSection
	GlobalSection(SolutionProperties) = preSolution
		HideSolutionNode = FALSE
	EndGlobalSection
	GlobalSection(NestedProjects) = preSolution
		{C6F0F74B-5877-4F4A-8F72-BCF559F9850E} = {C19397F2-7516-4245-AC07-EE6FBFB9DE4F}
		{2806FF9C-240C-4193-889D-849BC8AC5CC3} = {C6F0F74B-5877-4F4A-8F72-BCF559F9850E}
		{0B6EF7BB-3796-48F6-8988-360245AAC57C} = {2806FF9C-240C-4193-889D-849BC8AC5CC3}
		{1AA63667-3BAB-4E5E-8B80-BA9388AB313A} = {C19397F2-7516-4245-AC07-EE6FBFB9DE4F}
		{867CFC30-BFF2-4425-B9C5-ED57FE61D2E4} = {1AA63667-3BAB-4E5E-8B80-BA9388AB313A}
		{94947088-3836-4B98-9C03-ABB8F547FCA9} = {867CFC30-BFF2-4425-B9C5-ED57FE61D2E4}
		{08329249-3E4B-4A2C-A579-362258079213} = {867CFC30-BFF2-4425-B9C5-ED57FE61D2E4}
		{145933FE-08E4-4822-8201-53971BAB708D} = {C19397F2-7516-4245-AC07-EE6FBFB9DE4F}
		{6CC6186D-A52D-4514-ADCB-5A6DF4E715DC} = {145933FE-08E4-4822-8201-53971BAB708D}
		{AC41DA6C-17DF-4D62-91E3-39EA1CB4DFFC} = {6CC6186D-A52D-4514-ADCB-5A6DF4E715DC}
		{A727D64B-48FB-4214-BF97-DFA6C835B2A4} = {6CC6186D-A52D-4514-ADCB-5A6DF4E715DC}
		{600048DD-9474-4E97-A72D-56402E3A642D} = {C19397F2-7516-4245-AC07-EE6FBFB9DE4F}
		{6397194E-90B9-4D0D-B6D0-AAC8B640165C} = {600048DD-9474-4E97-A72D-56402E3A642D}
		{A33B4E82-337C-4A65-BBE0-68F4F1CB56E2} = {6397194E-90B9-4D0D-B6D0-AAC8B640165C}
		{27F6A0CD-94E7-4672-B363-7D743417B758} = {C19397F2-7516-4245-AC07-EE6FBFB9DE4F}
		{7FF27779-3FD5-4AC3-99F7-4DF198298E2E} = {27F6A0CD-94E7-4672-B363-7D743417B758}
		{D76A5625-B606-43D7-B33B-AF03136475BB} = {7FF27779-3FD5-4AC3-99F7-4DF198298E2E}
		{473F5917-3B51-4E9F-864A-700038213B16} = {7FF27779-3FD5-4AC3-99F7-4DF198298E2E}
	EndGlobalSection
	GlobalSection(ExtensibilityGlobals) = postSolution
		SolutionGuid = {104BDEEB-C9FC-4277-B711-06F05EBC65FB}
	EndGlobalSection
EndGlobal
